// !$*UTF8*$!
{
	archiveVersion = 1;
	classes = {
	};
	objectVersion = 56;
	objects = {

/* Begin PBXBuildFile section */
		19BF36F82B27101400CC4E8B /* AppDelegate.swift in Sources */ = {isa = PBXBuildFile; fileRef = 19BF36F72B27101400CC4E8B /* AppDelegate.swift */; };
		19BF36FA2B27101400CC4E8B /* SceneDelegate.swift in Sources */ = {isa = PBXBuildFile; fileRef = 19BF36F92B27101400CC4E8B /* SceneDelegate.swift */; };
		19BF36FC2B27101400CC4E8B /* MainTabBarViewController.swift in Sources */ = {isa = PBXBuildFile; fileRef = 19BF36FB2B27101400CC4E8B /* MainTabBarViewController.swift */; };
		19BF37012B27101600CC4E8B /* Assets.xcassets in Resources */ = {isa = PBXBuildFile; fileRef = 19BF37002B27101600CC4E8B /* Assets.xcassets */; };
		19BF37042B27101600CC4E8B /* LaunchScreen.storyboard in Resources */ = {isa = PBXBuildFile; fileRef = 19BF37022B27101600CC4E8B /* LaunchScreen.storyboard */; };
		19BF370D2B27127100CC4E8B /* HomeViewController.swift in Sources */ = {isa = PBXBuildFile; fileRef = 19BF370C2B27127100CC4E8B /* HomeViewController.swift */; };
		19BF370F2B2712A800CC4E8B /* UpcomingViewController.swift in Sources */ = {isa = PBXBuildFile; fileRef = 19BF370E2B2712A800CC4E8B /* UpcomingViewController.swift */; };
		19BF37112B2712D500CC4E8B /* SearchViewController.swift in Sources */ = {isa = PBXBuildFile; fileRef = 19BF37102B2712D500CC4E8B /* SearchViewController.swift */; };
		19BF37132B27130900CC4E8B /* DownloadsViewController.swift in Sources */ = {isa = PBXBuildFile; fileRef = 19BF37122B27130900CC4E8B /* DownloadsViewController.swift */; };
		19BF371A2B27201900CC4E8B /* CollectionViewTableViewCell.swift in Sources */ = {isa = PBXBuildFile; fileRef = 19BF37192B27201900CC4E8B /* CollectionViewTableViewCell.swift */; };
		19BF371C2B28646200CC4E8B /* HeroHeaderUIView.swift in Sources */ = {isa = PBXBuildFile; fileRef = 19BF371B2B28646200CC4E8B /* HeroHeaderUIView.swift */; };
		19BF371E2B2B255600CC4E8B /* APICaller.swift in Sources */ = {isa = PBXBuildFile; fileRef = 19BF371D2B2B255600CC4E8B /* APICaller.swift */; };
		19BF37202B2B2AF300CC4E8B /* Title.swift in Sources */ = {isa = PBXBuildFile; fileRef = 19BF371F2B2B2AF300CC4E8B /* Title.swift */; };
		19BF37222B2B34B000CC4E8B /* Extensions.swift in Sources */ = {isa = PBXBuildFile; fileRef = 19BF37212B2B34B000CC4E8B /* Extensions.swift */; };
		19BF37262B2B855F00CC4E8B /* TitleCollectionViewCell.swift in Sources */ = {isa = PBXBuildFile; fileRef = 19BF37252B2B855F00CC4E8B /* TitleCollectionViewCell.swift */; };
		19BF37292B2B873200CC4E8B /* SDWebImage in Frameworks */ = {isa = PBXBuildFile; productRef = 19BF37282B2B873200CC4E8B /* SDWebImage */; };
		19BF372B2B2B873200CC4E8B /* SDWebImageMapKit in Frameworks */ = {isa = PBXBuildFile; productRef = 19BF372A2B2B873200CC4E8B /* SDWebImageMapKit */; };
		19BF372D2B2C642F00CC4E8B /* TitleTableViewCell.swift in Sources */ = {isa = PBXBuildFile; fileRef = 19BF372C2B2C642F00CC4E8B /* TitleTableViewCell.swift */; };
		19BF372F2B2C69E300CC4E8B /* TitleViewModel.swift in Sources */ = {isa = PBXBuildFile; fileRef = 19BF372E2B2C69E300CC4E8B /* TitleViewModel.swift */; };
		19BF37312B2CB2E600CC4E8B /* SearchResultsViewController.swift in Sources */ = {isa = PBXBuildFile; fileRef = 19BF37302B2CB2E600CC4E8B /* SearchResultsViewController.swift */; };
/* End PBXBuildFile section */

/* Begin PBXFileReference section */
		19BF36F42B27101400CC4E8B /* EXPLAYER.app */ = {isa = PBXFileReference; explicitFileType = wrapper.application; includeInIndex = 0; path = EXPLAYER.app; sourceTree = BUILT_PRODUCTS_DIR; };
		19BF36F72B27101400CC4E8B /* AppDelegate.swift */ = {isa = PBXFileReference; lastKnownFileType = sourcecode.swift; path = AppDelegate.swift; sourceTree = "<group>"; };
		19BF36F92B27101400CC4E8B /* SceneDelegate.swift */ = {isa = PBXFileReference; lastKnownFileType = sourcecode.swift; path = SceneDelegate.swift; sourceTree = "<group>"; };
		19BF36FB2B27101400CC4E8B /* MainTabBarViewController.swift */ = {isa = PBXFileReference; lastKnownFileType = sourcecode.swift; path = MainTabBarViewController.swift; sourceTree = "<group>"; };
		19BF37002B27101600CC4E8B /* Assets.xcassets */ = {isa = PBXFileReference; lastKnownFileType = folder.assetcatalog; path = Assets.xcassets; sourceTree = "<group>"; };
		19BF37032B27101600CC4E8B /* Base */ = {isa = PBXFileReference; lastKnownFileType = file.storyboard; name = Base; path = Base.lproj/LaunchScreen.storyboard; sourceTree = "<group>"; };
		19BF37052B27101600CC4E8B /* Info.plist */ = {isa = PBXFileReference; lastKnownFileType = text.plist.xml; path = Info.plist; sourceTree = "<group>"; };
		19BF370C2B27127100CC4E8B /* HomeViewController.swift */ = {isa = PBXFileReference; lastKnownFileType = sourcecode.swift; path = HomeViewController.swift; sourceTree = "<group>"; };
		19BF370E2B2712A800CC4E8B /* UpcomingViewController.swift */ = {isa = PBXFileReference; lastKnownFileType = sourcecode.swift; path = UpcomingViewController.swift; sourceTree = "<group>"; };
		19BF37102B2712D500CC4E8B /* SearchViewController.swift */ = {isa = PBXFileReference; lastKnownFileType = sourcecode.swift; path = SearchViewController.swift; sourceTree = "<group>"; };
		19BF37122B27130900CC4E8B /* DownloadsViewController.swift */ = {isa = PBXFileReference; lastKnownFileType = sourcecode.swift; path = DownloadsViewController.swift; sourceTree = "<group>"; };
		19BF37192B27201900CC4E8B /* CollectionViewTableViewCell.swift */ = {isa = PBXFileReference; lastKnownFileType = sourcecode.swift; path = CollectionViewTableViewCell.swift; sourceTree = "<group>"; };
		19BF371B2B28646200CC4E8B /* HeroHeaderUIView.swift */ = {isa = PBXFileReference; lastKnownFileType = sourcecode.swift; path = HeroHeaderUIView.swift; sourceTree = "<group>"; };
		19BF371D2B2B255600CC4E8B /* APICaller.swift */ = {isa = PBXFileReference; lastKnownFileType = sourcecode.swift; path = APICaller.swift; sourceTree = "<group>"; };
		19BF371F2B2B2AF300CC4E8B /* Title.swift */ = {isa = PBXFileReference; lastKnownFileType = sourcecode.swift; path = Title.swift; sourceTree = "<group>"; };
		19BF37212B2B34B000CC4E8B /* Extensions.swift */ = {isa = PBXFileReference; lastKnownFileType = sourcecode.swift; path = Extensions.swift; sourceTree = "<group>"; };
		19BF37252B2B855F00CC4E8B /* TitleCollectionViewCell.swift */ = {isa = PBXFileReference; lastKnownFileType = sourcecode.swift; path = TitleCollectionViewCell.swift; sourceTree = "<group>"; };
		19BF372C2B2C642F00CC4E8B /* TitleTableViewCell.swift */ = {isa = PBXFileReference; lastKnownFileType = sourcecode.swift; path = TitleTableViewCell.swift; sourceTree = "<group>"; };
		19BF372E2B2C69E300CC4E8B /* TitleViewModel.swift */ = {isa = PBXFileReference; lastKnownFileType = sourcecode.swift; path = TitleViewModel.swift; sourceTree = "<group>"; };
		19BF37302B2CB2E600CC4E8B /* SearchResultsViewController.swift */ = {isa = PBXFileReference; lastKnownFileType = sourcecode.swift; path = SearchResultsViewController.swift; sourceTree = "<group>"; };
/* End PBXFileReference section */

/* Begin PBXFrameworksBuildPhase section */
		19BF36F12B27101400CC4E8B /* Frameworks */ = {
			isa = PBXFrameworksBuildPhase;
			buildActionMask = 2147483647;
			files = (
				19BF372B2B2B873200CC4E8B /* SDWebImageMapKit in Frameworks */,
				19BF37292B2B873200CC4E8B /* SDWebImage in Frameworks */,
			);
			runOnlyForDeploymentPostprocessing = 0;
		};
/* End PBXFrameworksBuildPhase section */

/* Begin PBXGroup section */
		19BF36EB2B27101400CC4E8B = {
			isa = PBXGroup;
			children = (
				19BF36F62B27101400CC4E8B /* EXPLAYER */,
				19BF36F52B27101400CC4E8B /* Products */,
			);
			sourceTree = "<group>";
		};
		19BF36F52B27101400CC4E8B /* Products */ = {
			isa = PBXGroup;
			children = (
				19BF36F42B27101400CC4E8B /* EXPLAYER.app */,
			);
			name = Products;
			sourceTree = "<group>";
		};
		19BF36F62B27101400CC4E8B /* EXPLAYER */ = {
			isa = PBXGroup;
			children = (
				19BF37182B271FC700CC4E8B /* Managers */,
				19BF37172B271FB800CC4E8B /* Resources */,
				19BF37162B271F8A00CC4E8B /* Models */,
				19BF37142B271F6700CC4E8B /* Views */,
				19BF37152B271F7600CC4E8B /* ViewModels */,
				19BF370B2B27123D00CC4E8B /* Controllers */,
				19BF36F72B27101400CC4E8B /* AppDelegate.swift */,
				19BF36F92B27101400CC4E8B /* SceneDelegate.swift */,
				19BF37002B27101600CC4E8B /* Assets.xcassets */,
				19BF37022B27101600CC4E8B /* LaunchScreen.storyboard */,
				19BF37052B27101600CC4E8B /* Info.plist */,
			);
			path = EXPLAYER;
			sourceTree = "<group>";
		};
		19BF370B2B27123D00CC4E8B /* Controllers */ = {
			isa = PBXGroup;
			children = (
				19BF37332B2CB94600CC4E8B /* General */,
				19BF37322B2CB90900CC4E8B /* Core */,
			);
			path = Controllers;
			sourceTree = "<group>";
		};
		19BF37142B271F6700CC4E8B /* Views */ = {
			isa = PBXGroup;
			children = (
				19BF37192B27201900CC4E8B /* CollectionViewTableViewCell.swift */,
				19BF371B2B28646200CC4E8B /* HeroHeaderUIView.swift */,
				19BF37252B2B855F00CC4E8B /* TitleCollectionViewCell.swift */,
				19BF372C2B2C642F00CC4E8B /* TitleTableViewCell.swift */,
			);
			path = Views;
			sourceTree = "<group>";
		};
		19BF37152B271F7600CC4E8B /* ViewModels */ = {
			isa = PBXGroup;
			children = (
				19BF372E2B2C69E300CC4E8B /* TitleViewModel.swift */,
			);
			path = ViewModels;
			sourceTree = "<group>";
		};
		19BF37162B271F8A00CC4E8B /* Models */ = {
			isa = PBXGroup;
			children = (
				19BF371F2B2B2AF300CC4E8B /* Title.swift */,
			);
			path = Models;
			sourceTree = "<group>";
		};
		19BF37172B271FB800CC4E8B /* Resources */ = {
			isa = PBXGroup;
			children = (
				19BF37212B2B34B000CC4E8B /* Extensions.swift */,
			);
			path = Resources;
			sourceTree = "<group>";
		};
		19BF37182B271FC700CC4E8B /* Managers */ = {
			isa = PBXGroup;
			children = (
				19BF371D2B2B255600CC4E8B /* APICaller.swift */,
			);
			path = Managers;
			sourceTree = "<group>";
		};
		19BF37322B2CB90900CC4E8B /* Core */ = {
			isa = PBXGroup;
			children = (
				19BF36FB2B27101400CC4E8B /* MainTabBarViewController.swift */,
				19BF370C2B27127100CC4E8B /* HomeViewController.swift */,
				19BF370E2B2712A800CC4E8B /* UpcomingViewController.swift */,
				19BF37102B2712D500CC4E8B /* SearchViewController.swift */,
				19BF37122B27130900CC4E8B /* DownloadsViewController.swift */,
			);
			path = Core;
			sourceTree = "<group>";
		};
		19BF37332B2CB94600CC4E8B /* General */ = {
			isa = PBXGroup;
			children = (
				19BF37302B2CB2E600CC4E8B /* SearchResultsViewController.swift */,
			);
			path = General;
			sourceTree = "<group>";
		};
/* End PBXGroup section */

/* Begin PBXNativeTarget section */
		19BF36F32B27101400CC4E8B /* EXPLAYER */ = {
			isa = PBXNativeTarget;
			buildConfigurationList = 19BF37082B27101600CC4E8B /* Build configuration list for PBXNativeTarget "EXPLAYER" */;
			buildPhases = (
				19BF36F02B27101400CC4E8B /* Sources */,
				19BF36F12B27101400CC4E8B /* Frameworks */,
				19BF36F22B27101400CC4E8B /* Resources */,
			);
			buildRules = (
			);
			dependencies = (
			);
			name = EXPLAYER;
			packageProductDependencies = (
				19BF37282B2B873200CC4E8B /* SDWebImage */,
				19BF372A2B2B873200CC4E8B /* SDWebImageMapKit */,
			);
			productName = EXPLAYER;
			productReference = 19BF36F42B27101400CC4E8B /* EXPLAYER.app */;
			productType = "com.apple.product-type.application";
		};
/* End PBXNativeTarget section */

/* Begin PBXProject section */
		19BF36EC2B27101400CC4E8B /* Project object */ = {
			isa = PBXProject;
			attributes = {
				BuildIndependentTargetsInParallel = 1;
				LastSwiftUpdateCheck = 1430;
				LastUpgradeCheck = 1430;
				TargetAttributes = {
					19BF36F32B27101400CC4E8B = {
						CreatedOnToolsVersion = 14.3.1;
					};
				};
			};
			buildConfigurationList = 19BF36EF2B27101400CC4E8B /* Build configuration list for PBXProject "EXPLAYER" */;
			compatibilityVersion = "Xcode 14.0";
			developmentRegion = en;
			hasScannedForEncodings = 0;
			knownRegions = (
				en,
				Base,
			);
			mainGroup = 19BF36EB2B27101400CC4E8B;
			packageReferences = (
				19BF37272B2B873200CC4E8B /* XCRemoteSwiftPackageReference "SDWebImage" */,
			);
			productRefGroup = 19BF36F52B27101400CC4E8B /* Products */;
			projectDirPath = "";
			projectRoot = "";
			targets = (
				19BF36F32B27101400CC4E8B /* EXPLAYER */,
			);
		};
/* End PBXProject section */

/* Begin PBXResourcesBuildPhase section */
		19BF36F22B27101400CC4E8B /* Resources */ = {
			isa = PBXResourcesBuildPhase;
			buildActionMask = 2147483647;
			files = (
				19BF37042B27101600CC4E8B /* LaunchScreen.storyboard in Resources */,
				19BF37012B27101600CC4E8B /* Assets.xcassets in Resources */,
			);
			runOnlyForDeploymentPostprocessing = 0;
		};
/* End PBXResourcesBuildPhase section */

/* Begin PBXSourcesBuildPhase section */
		19BF36F02B27101400CC4E8B /* Sources */ = {
			isa = PBXSourcesBuildPhase;
			buildActionMask = 2147483647;
			files = (
				19BF37112B2712D500CC4E8B /* SearchViewController.swift in Sources */,
				19BF36FC2B27101400CC4E8B /* MainTabBarViewController.swift in Sources */,
				19BF371A2B27201900CC4E8B /* CollectionViewTableViewCell.swift in Sources */,
				19BF371E2B2B255600CC4E8B /* APICaller.swift in Sources */,
				19BF371C2B28646200CC4E8B /* HeroHeaderUIView.swift in Sources */,
				19BF37132B27130900CC4E8B /* DownloadsViewController.swift in Sources */,
				19BF37262B2B855F00CC4E8B /* TitleCollectionViewCell.swift in Sources */,
				19BF36F82B27101400CC4E8B /* AppDelegate.swift in Sources */,
				19BF37222B2B34B000CC4E8B /* Extensions.swift in Sources */,
				19BF37312B2CB2E600CC4E8B /* SearchResultsViewController.swift in Sources */,
				19BF372D2B2C642F00CC4E8B /* TitleTableViewCell.swift in Sources */,
				19BF37202B2B2AF300CC4E8B /* Title.swift in Sources */,
				19BF36FA2B27101400CC4E8B /* SceneDelegate.swift in Sources */,
				19BF370F2B2712A800CC4E8B /* UpcomingViewController.swift in Sources */,
				19BF370D2B27127100CC4E8B /* HomeViewController.swift in Sources */,
				19BF372F2B2C69E300CC4E8B /* TitleViewModel.swift in Sources */,
			);
			runOnlyForDeploymentPostprocessing = 0;
		};
/* End PBXSourcesBuildPhase section */

/* Begin PBXVariantGroup section */
		19BF37022B27101600CC4E8B /* LaunchScreen.storyboard */ = {
			isa = PBXVariantGroup;
			children = (
				19BF37032B27101600CC4E8B /* Base */,
			);
			name = LaunchScreen.storyboard;
			sourceTree = "<group>";
		};
/* End PBXVariantGroup section */

/* Begin XCBuildConfiguration section */
		19BF37062B27101600CC4E8B /* Debug */ = {
			isa = XCBuildConfiguration;
			buildSettings = {
				ALWAYS_SEARCH_USER_PATHS = NO;
				CLANG_ANALYZER_NONNULL = YES;
				CLANG_ANALYZER_NUMBER_OBJECT_CONVERSION = YES_AGGRESSIVE;
				CLANG_CXX_LANGUAGE_STANDARD = "gnu++20";
				CLANG_ENABLE_MODULES = YES;
				CLANG_ENABLE_OBJC_ARC = YES;
				CLANG_ENABLE_OBJC_WEAK = YES;
				CLANG_WARN_BLOCK_CAPTURE_AUTORELEASING = YES;
				CLANG_WARN_BOOL_CONVERSION = YES;
				CLANG_WARN_COMMA = YES;
				CLANG_WARN_CONSTANT_CONVERSION = YES;
				CLANG_WARN_DEPRECATED_OBJC_IMPLEMENTATIONS = YES;
				CLANG_WARN_DIRECT_OBJC_ISA_USAGE = YES_ERROR;
				CLANG_WARN_DOCUMENTATION_COMMENTS = YES;
				CLANG_WARN_EMPTY_BODY = YES;
				CLANG_WARN_ENUM_CONVERSION = YES;
				CLANG_WARN_INFINITE_RECURSION = YES;
				CLANG_WARN_INT_CONVERSION = YES;
				CLANG_WARN_NON_LITERAL_NULL_CONVERSION = YES;
				CLANG_WARN_OBJC_IMPLICIT_RETAIN_SELF = YES;
				CLANG_WARN_OBJC_LITERAL_CONVERSION = YES;
				CLANG_WARN_OBJC_ROOT_CLASS = YES_ERROR;
				CLANG_WARN_QUOTED_INCLUDE_IN_FRAMEWORK_HEADER = YES;
				CLANG_WARN_RANGE_LOOP_ANALYSIS = YES;
				CLANG_WARN_STRICT_PROTOTYPES = YES;
				CLANG_WARN_SUSPICIOUS_MOVE = YES;
				CLANG_WARN_UNGUARDED_AVAILABILITY = YES_AGGRESSIVE;
				CLANG_WARN_UNREACHABLE_CODE = YES;
				CLANG_WARN__DUPLICATE_METHOD_MATCH = YES;
				COPY_PHASE_STRIP = NO;
				DEBUG_INFORMATION_FORMAT = dwarf;
				ENABLE_STRICT_OBJC_MSGSEND = YES;
				ENABLE_TESTABILITY = YES;
				GCC_C_LANGUAGE_STANDARD = gnu11;
				GCC_DYNAMIC_NO_PIC = NO;
				GCC_NO_COMMON_BLOCKS = YES;
				GCC_OPTIMIZATION_LEVEL = 0;
				GCC_PREPROCESSOR_DEFINITIONS = (
					"DEBUG=1",
					"$(inherited)",
				);
				GCC_WARN_64_TO_32_BIT_CONVERSION = YES;
				GCC_WARN_ABOUT_RETURN_TYPE = YES_ERROR;
				GCC_WARN_UNDECLARED_SELECTOR = YES;
				GCC_WARN_UNINITIALIZED_AUTOS = YES_AGGRESSIVE;
				GCC_WARN_UNUSED_FUNCTION = YES;
				GCC_WARN_UNUSED_VARIABLE = YES;
				IPHONEOS_DEPLOYMENT_TARGET = 16.4;
				MTL_ENABLE_DEBUG_INFO = INCLUDE_SOURCE;
				MTL_FAST_MATH = YES;
				ONLY_ACTIVE_ARCH = YES;
				SDKROOT = iphoneos;
				SWIFT_ACTIVE_COMPILATION_CONDITIONS = DEBUG;
				SWIFT_OPTIMIZATION_LEVEL = "-Onone";
			};
			name = Debug;
		};
		19BF37072B27101600CC4E8B /* Release */ = {
			isa = XCBuildConfiguration;
			buildSettings = {
				ALWAYS_SEARCH_USER_PATHS = NO;
				CLANG_ANALYZER_NONNULL = YES;
				CLANG_ANALYZER_NUMBER_OBJECT_CONVERSION = YES_AGGRESSIVE;
				CLANG_CXX_LANGUAGE_STANDARD = "gnu++20";
				CLANG_ENABLE_MODULES = YES;
				CLANG_ENABLE_OBJC_ARC = YES;
				CLANG_ENABLE_OBJC_WEAK = YES;
				CLANG_WARN_BLOCK_CAPTURE_AUTORELEASING = YES;
				CLANG_WARN_BOOL_CONVERSION = YES;
				CLANG_WARN_COMMA = YES;
				CLANG_WARN_CONSTANT_CONVERSION = YES;
				CLANG_WARN_DEPRECATED_OBJC_IMPLEMENTATIONS = YES;
				CLANG_WARN_DIRECT_OBJC_ISA_USAGE = YES_ERROR;
				CLANG_WARN_DOCUMENTATION_COMMENTS = YES;
				CLANG_WARN_EMPTY_BODY = YES;
				CLANG_WARN_ENUM_CONVERSION = YES;
				CLANG_WARN_INFINITE_RECURSION = YES;
				CLANG_WARN_INT_CONVERSION = YES;
				CLANG_WARN_NON_LITERAL_NULL_CONVERSION = YES;
				CLANG_WARN_OBJC_IMPLICIT_RETAIN_SELF = YES;
				CLANG_WARN_OBJC_LITERAL_CONVERSION = YES;
				CLANG_WARN_OBJC_ROOT_CLASS = YES_ERROR;
				CLANG_WARN_QUOTED_INCLUDE_IN_FRAMEWORK_HEADER = YES;
				CLANG_WARN_RANGE_LOOP_ANALYSIS = YES;
				CLANG_WARN_STRICT_PROTOTYPES = YES;
				CLANG_WARN_SUSPICIOUS_MOVE = YES;
				CLANG_WARN_UNGUARDED_AVAILABILITY = YES_AGGRESSIVE;
				CLANG_WARN_UNREACHABLE_CODE = YES;
				CLANG_WARN__DUPLICATE_METHOD_MATCH = YES;
				COPY_PHASE_STRIP = NO;
				DEBUG_INFORMATION_FORMAT = "dwarf-with-dsym";
				ENABLE_NS_ASSERTIONS = NO;
				ENABLE_STRICT_OBJC_MSGSEND = YES;
				GCC_C_LANGUAGE_STANDARD = gnu11;
				GCC_NO_COMMON_BLOCKS = YES;
				GCC_WARN_64_TO_32_BIT_CONVERSION = YES;
				GCC_WARN_ABOUT_RETURN_TYPE = YES_ERROR;
				GCC_WARN_UNDECLARED_SELECTOR = YES;
				GCC_WARN_UNINITIALIZED_AUTOS = YES_AGGRESSIVE;
				GCC_WARN_UNUSED_FUNCTION = YES;
				GCC_WARN_UNUSED_VARIABLE = YES;
				IPHONEOS_DEPLOYMENT_TARGET = 16.4;
				MTL_ENABLE_DEBUG_INFO = NO;
				MTL_FAST_MATH = YES;
				SDKROOT = iphoneos;
				SWIFT_COMPILATION_MODE = wholemodule;
				SWIFT_OPTIMIZATION_LEVEL = "-O";
				VALIDATE_PRODUCT = YES;
			};
			name = Release;
		};
		19BF37092B27101600CC4E8B /* Debug */ = {
			isa = XCBuildConfiguration;
			buildSettings = {
				ASSETCATALOG_COMPILER_APPICON_NAME = AppIcon;
				ASSETCATALOG_COMPILER_GLOBAL_ACCENT_COLOR_NAME = AccentColor;
				CODE_SIGN_STYLE = Automatic;
				CURRENT_PROJECT_VERSION = 1;
				DEVELOPMENT_TEAM = 6TRV26QN79;
				GENERATE_INFOPLIST_FILE = YES;
				INFOPLIST_FILE = EXPLAYER/Info.plist;
				INFOPLIST_KEY_UIApplicationSupportsIndirectInputEvents = YES;
				INFOPLIST_KEY_UILaunchStoryboardName = LaunchScreen;
				INFOPLIST_KEY_UISupportedInterfaceOrientations_iPad = "UIInterfaceOrientationPortrait UIInterfaceOrientationPortraitUpsideDown UIInterfaceOrientationLandscapeLeft UIInterfaceOrientationLandscapeRight";
				INFOPLIST_KEY_UISupportedInterfaceOrientations_iPhone = "UIInterfaceOrientationPortrait UIInterfaceOrientationLandscapeLeft UIInterfaceOrientationLandscapeRight";
				LD_RUNPATH_SEARCH_PATHS = (
					"$(inherited)",
					"@executable_path/Frameworks",
				);
				MARKETING_VERSION = 1.0;
				PRODUCT_BUNDLE_IDENTIFIER = "-1.EXPLAYER";
				PRODUCT_NAME = "$(TARGET_NAME)";
				SWIFT_EMIT_LOC_STRINGS = YES;
				SWIFT_VERSION = 5.0;
				TARGETED_DEVICE_FAMILY = "1,2";
			};
			name = Debug;
		};
		19BF370A2B27101600CC4E8B /* Release */ = {
			isa = XCBuildConfiguration;
			buildSettings = {
				ASSETCATALOG_COMPILER_APPICON_NAME = AppIcon;
				ASSETCATALOG_COMPILER_GLOBAL_ACCENT_COLOR_NAME = AccentColor;
				CODE_SIGN_STYLE = Automatic;
				CURRENT_PROJECT_VERSION = 1;
				DEVELOPMENT_TEAM = 6TRV26QN79;
				GENERATE_INFOPLIST_FILE = YES;
				INFOPLIST_FILE = EXPLAYER/Info.plist;
				INFOPLIST_KEY_UIApplicationSupportsIndirectInputEvents = YES;
				INFOPLIST_KEY_UILaunchStoryboardName = LaunchScreen;
				INFOPLIST_KEY_UISupportedInterfaceOrientations_iPad = "UIInterfaceOrientationPortrait UIInterfaceOrientationPortraitUpsideDown UIInterfaceOrientationLandscapeLeft UIInterfaceOrientationLandscapeRight";
				INFOPLIST_KEY_UISupportedInterfaceOrientations_iPhone = "UIInterfaceOrientationPortrait UIInterfaceOrientationLandscapeLeft UIInterfaceOrientationLandscapeRight";
				LD_RUNPATH_SEARCH_PATHS = (
					"$(inherited)",
					"@executable_path/Frameworks",
				);
				MARKETING_VERSION = 1.0;
				PRODUCT_BUNDLE_IDENTIFIER = "-1.EXPLAYER";
				PRODUCT_NAME = "$(TARGET_NAME)";
				SWIFT_EMIT_LOC_STRINGS = YES;
				SWIFT_VERSION = 5.0;
				TARGETED_DEVICE_FAMILY = "1,2";
			};
			name = Release;
		};
/* End XCBuildConfiguration section */

/* Begin XCConfigurationList section */
		19BF36EF2B27101400CC4E8B /* Build configuration list for PBXProject "EXPLAYER" */ = {
			isa = XCConfigurationList;
			buildConfigurations = (
				19BF37062B27101600CC4E8B /* Debug */,
				19BF37072B27101600CC4E8B /* Release */,
			);
			defaultConfigurationIsVisible = 0;
			defaultConfigurationName = Release;
		};
		19BF37082B27101600CC4E8B /* Build configuration list for PBXNativeTarget "EXPLAYER" */ = {
			isa = XCConfigurationList;
			buildConfigurations = (
				19BF37092B27101600CC4E8B /* Debug */,
				19BF370A2B27101600CC4E8B /* Release */,
			);
			defaultConfigurationIsVisible = 0;
			defaultConfigurationName = Release;
		};
/* End XCConfigurationList section */

/* Begin XCRemoteSwiftPackageReference section */
		19BF37272B2B873200CC4E8B /* XCRemoteSwiftPackageReference "SDWebImage" */ = {
			isa = XCRemoteSwiftPackageReference;
			repositoryURL = "https://github.com/SDWebImage/SDWebImage.git";
			requirement = {
				kind = upToNextMajorVersion;
				minimumVersion = 5.0.0;
			};
		};
/* End XCRemoteSwiftPackageReference section */

/* Begin XCSwiftPackageProductDependency section */
		19BF37282B2B873200CC4E8B /* SDWebImage */ = {
			isa = XCSwiftPackageProductDependency;
			package = 19BF37272B2B873200CC4E8B /* XCRemoteSwiftPackageReference "SDWebImage" */;
			productName = SDWebImage;
		};
		19BF372A2B2B873200CC4E8B /* SDWebImageMapKit */ = {
			isa = XCSwiftPackageProductDependency;
			package = 19BF37272B2B873200CC4E8B /* XCRemoteSwiftPackageReference "SDWebImage" */;
			productName = SDWebImageMapKit;
		};
/* End XCSwiftPackageProductDependency section */
	};
	rootObject = 19BF36EC2B27101400CC4E8B /* Project object */;
}
